// !$*UTF8*$!
{
	archiveVersion = 1;
	classes = {
	};
	objectVersion = 56;
	objects = {

/* Begin PBXBuildFile section */
		F419E8C02CEC9B3C00908506 /* Unknown Test.swift in Sources */ = {isa = PBXBuildFile; fileRef = F419E8BF2CEC9B3C00908506 /* Unknown Test.swift */; };
		F419E8C22CEC9B7D00908506 /* UnknownAlgorithms.swift in Sources */ = {isa = PBXBuildFile; fileRef = F419E8C12CEC9B7D00908506 /* UnknownAlgorithms.swift */; };
		F41DEB6A2CDA253500DBF449 /* StandardAlgorithmsApp.swift in Sources */ = {isa = PBXBuildFile; fileRef = F41DEB692CDA253500DBF449 /* StandardAlgorithmsApp.swift */; };
		F41DEB6C2CDA253500DBF449 /* ContentView.swift in Sources */ = {isa = PBXBuildFile; fileRef = F41DEB6B2CDA253500DBF449 /* ContentView.swift */; };
		F41DEB6E2CDA253A00DBF449 /* Assets.xcassets in Resources */ = {isa = PBXBuildFile; fileRef = F41DEB6D2CDA253A00DBF449 /* Assets.xcassets */; };
		F41DEB712CDA253A00DBF449 /* Preview Assets.xcassets in Resources */ = {isa = PBXBuildFile; fileRef = F41DEB702CDA253A00DBF449 /* Preview Assets.xcassets */; };
		F41DEB852CDA253A00DBF449 /* StandardAlgorithmsUITests.swift in Sources */ = {isa = PBXBuildFile; fileRef = F41DEB842CDA253A00DBF449 /* StandardAlgorithmsUITests.swift */; };
		F41DEB872CDA253A00DBF449 /* StandardAlgorithmsUITestsLaunchTests.swift in Sources */ = {isa = PBXBuildFile; fileRef = F41DEB862CDA253A00DBF449 /* StandardAlgorithmsUITestsLaunchTests.swift */; };
		F41DEB942CDA275500DBF449 /* SortingTest.swift in Sources */ = {isa = PBXBuildFile; fileRef = F41DEB932CDA275500DBF449 /* SortingTest.swift */; };
		F41DEB982CDA289200DBF449 /* Sorting.swift in Sources */ = {isa = PBXBuildFile; fileRef = F41DEB972CDA289200DBF449 /* Sorting.swift */; };
		F4C97C922CDCF0850011E7A2 /* SearchingTest.swift in Sources */ = {isa = PBXBuildFile; fileRef = F4C97C912CDCF0850011E7A2 /* SearchingTest.swift */; };
		F4C97C942CDCF1770011E7A2 /* Search.swift in Sources */ = {isa = PBXBuildFile; fileRef = F4C97C932CDCF1770011E7A2 /* Search.swift */; };
/* End PBXBuildFile section */

/* Begin PBXContainerItemProxy section */
		F41DEB772CDA253A00DBF449 /* PBXContainerItemProxy */ = {
			isa = PBXContainerItemProxy;
			containerPortal = F41DEB5E2CDA253400DBF449 /* Project object */;
			proxyType = 1;
			remoteGlobalIDString = F41DEB652CDA253400DBF449;
			remoteInfo = StandardAlgorithms;
		};
		F41DEB812CDA253A00DBF449 /* PBXContainerItemProxy */ = {
			isa = PBXContainerItemProxy;
			containerPortal = F41DEB5E2CDA253400DBF449 /* Project object */;
			proxyType = 1;
			remoteGlobalIDString = F41DEB652CDA253400DBF449;
			remoteInfo = StandardAlgorithms;
		};
/* End PBXContainerItemProxy section */

/* Begin PBXFileReference section */
		F419E8BF2CEC9B3C00908506 /* Unknown Test.swift */ = {isa = PBXFileReference; lastKnownFileType = sourcecode.swift; path = "Unknown Test.swift"; sourceTree = "<group>"; };
		F419E8C12CEC9B7D00908506 /* UnknownAlgorithms.swift */ = {isa = PBXFileReference; lastKnownFileType = sourcecode.swift; path = UnknownAlgorithms.swift; sourceTree = "<group>"; };
		F41DEB662CDA253400DBF449 /* StandardAlgorithms.app */ = {isa = PBXFileReference; explicitFileType = wrapper.application; includeInIndex = 0; path = StandardAlgorithms.app; sourceTree = BUILT_PRODUCTS_DIR; };
		F41DEB692CDA253500DBF449 /* StandardAlgorithmsApp.swift */ = {isa = PBXFileReference; lastKnownFileType = sourcecode.swift; path = StandardAlgorithmsApp.swift; sourceTree = "<group>"; };
		F41DEB6B2CDA253500DBF449 /* ContentView.swift */ = {isa = PBXFileReference; lastKnownFileType = sourcecode.swift; path = ContentView.swift; sourceTree = "<group>"; };
		F41DEB6D2CDA253A00DBF449 /* Assets.xcassets */ = {isa = PBXFileReference; lastKnownFileType = folder.assetcatalog; path = Assets.xcassets; sourceTree = "<group>"; };
		F41DEB702CDA253A00DBF449 /* Preview Assets.xcassets */ = {isa = PBXFileReference; lastKnownFileType = folder.assetcatalog; path = "Preview Assets.xcassets"; sourceTree = "<group>"; };
		F41DEB762CDA253A00DBF449 /* StandardAlgorithmsTests.xctest */ = {isa = PBXFileReference; explicitFileType = wrapper.cfbundle; includeInIndex = 0; path = StandardAlgorithmsTests.xctest; sourceTree = BUILT_PRODUCTS_DIR; };
		F41DEB802CDA253A00DBF449 /* StandardAlgorithmsUITests.xctest */ = {isa = PBXFileReference; explicitFileType = wrapper.cfbundle; includeInIndex = 0; path = StandardAlgorithmsUITests.xctest; sourceTree = BUILT_PRODUCTS_DIR; };
		F41DEB842CDA253A00DBF449 /* StandardAlgorithmsUITests.swift */ = {isa = PBXFileReference; lastKnownFileType = sourcecode.swift; path = StandardAlgorithmsUITests.swift; sourceTree = "<group>"; };
		F41DEB862CDA253A00DBF449 /* StandardAlgorithmsUITestsLaunchTests.swift */ = {isa = PBXFileReference; lastKnownFileType = sourcecode.swift; path = StandardAlgorithmsUITestsLaunchTests.swift; sourceTree = "<group>"; };
		F41DEB932CDA275500DBF449 /* SortingTest.swift */ = {isa = PBXFileReference; lastKnownFileType = sourcecode.swift; path = SortingTest.swift; sourceTree = "<group>"; };
		F41DEB972CDA289200DBF449 /* Sorting.swift */ = {isa = PBXFileReference; lastKnownFileType = sourcecode.swift; path = Sorting.swift; sourceTree = "<group>"; };
		F4C97C912CDCF0850011E7A2 /* SearchingTest.swift */ = {isa = PBXFileReference; lastKnownFileType = sourcecode.swift; path = SearchingTest.swift; sourceTree = "<group>"; };
		F4C97C932CDCF1770011E7A2 /* Search.swift */ = {isa = PBXFileReference; lastKnownFileType = sourcecode.swift; path = Search.swift; sourceTree = "<group>"; };
/* End PBXFileReference section */

/* Begin PBXFrameworksBuildPhase section */
		F41DEB632CDA253400DBF449 /* Frameworks */ = {
			isa = PBXFrameworksBuildPhase;
			buildActionMask = 2147483647;
			files = (
			);
			runOnlyForDeploymentPostprocessing = 0;
		};
		F41DEB732CDA253A00DBF449 /* Frameworks */ = {
			isa = PBXFrameworksBuildPhase;
			buildActionMask = 2147483647;
			files = (
			);
			runOnlyForDeploymentPostprocessing = 0;
		};
		F41DEB7D2CDA253A00DBF449 /* Frameworks */ = {
			isa = PBXFrameworksBuildPhase;
			buildActionMask = 2147483647;
			files = (
			);
			runOnlyForDeploymentPostprocessing = 0;
		};
/* End PBXFrameworksBuildPhase section */

/* Begin PBXGroup section */
		F41DEB5D2CDA253400DBF449 = {
			isa = PBXGroup;
			children = (
				F41DEB682CDA253500DBF449 /* StandardAlgorithms */,
				F41DEB792CDA253A00DBF449 /* StandardAlgorithmsTests */,
				F41DEB832CDA253A00DBF449 /* StandardAlgorithmsUITests */,
				F41DEB672CDA253400DBF449 /* Products */,
			);
			sourceTree = "<group>";
		};
		F41DEB672CDA253400DBF449 /* Products */ = {
			isa = PBXGroup;
			children = (
				F41DEB662CDA253400DBF449 /* StandardAlgorithms.app */,
				F41DEB762CDA253A00DBF449 /* StandardAlgorithmsTests.xctest */,
				F41DEB802CDA253A00DBF449 /* StandardAlgorithmsUITests.xctest */,
			);
			name = Products;
			sourceTree = "<group>";
		};
		F41DEB682CDA253500DBF449 /* StandardAlgorithms */ = {
			isa = PBXGroup;
			children = (
				F41DEB692CDA253500DBF449 /* StandardAlgorithmsApp.swift */,
				F41DEB6B2CDA253500DBF449 /* ContentView.swift */,
				F41DEB6D2CDA253A00DBF449 /* Assets.xcassets */,
				F41DEB6F2CDA253A00DBF449 /* Preview Content */,
				F41DEB972CDA289200DBF449 /* Sorting.swift */,
				F4C97C932CDCF1770011E7A2 /* Search.swift */,
				F419E8C12CEC9B7D00908506 /* UnknownAlgorithms.swift */,
			);
			path = StandardAlgorithms;
			sourceTree = "<group>";
		};
		F41DEB6F2CDA253A00DBF449 /* Preview Content */ = {
			isa = PBXGroup;
			children = (
				F41DEB702CDA253A00DBF449 /* Preview Assets.xcassets */,
			);
			path = "Preview Content";
			sourceTree = "<group>";
		};
		F41DEB792CDA253A00DBF449 /* StandardAlgorithmsTests */ = {
			isa = PBXGroup;
			children = (
				F41DEB932CDA275500DBF449 /* SortingTest.swift */,
				F4C97C912CDCF0850011E7A2 /* SearchingTest.swift */,
				F419E8BF2CEC9B3C00908506 /* Unknown Test.swift */,
			);
			path = StandardAlgorithmsTests;
			sourceTree = "<group>";
		};
		F41DEB832CDA253A00DBF449 /* StandardAlgorithmsUITests */ = {
			isa = PBXGroup;
			children = (
				F41DEB842CDA253A00DBF449 /* StandardAlgorithmsUITests.swift */,
				F41DEB862CDA253A00DBF449 /* StandardAlgorithmsUITestsLaunchTests.swift */,
			);
			path = StandardAlgorithmsUITests;
			sourceTree = "<group>";
		};
/* End PBXGroup section */

/* Begin PBXNativeTarget section */
		F41DEB652CDA253400DBF449 /* StandardAlgorithms */ = {
			isa = PBXNativeTarget;
			buildConfigurationList = F41DEB8A2CDA253A00DBF449 /* Build configuration list for PBXNativeTarget "StandardAlgorithms" */;
			buildPhases = (
				F41DEB622CDA253400DBF449 /* Sources */,
				F41DEB632CDA253400DBF449 /* Frameworks */,
				F41DEB642CDA253400DBF449 /* Resources */,
			);
			buildRules = (
			);
			dependencies = (
			);
			name = StandardAlgorithms;
			productName = StandardAlgorithms;
			productReference = F41DEB662CDA253400DBF449 /* StandardAlgorithms.app */;
			productType = "com.apple.product-type.application";
		};
		F41DEB752CDA253A00DBF449 /* StandardAlgorithmsTests */ = {
			isa = PBXNativeTarget;
			buildConfigurationList = F41DEB8D2CDA253A00DBF449 /* Build configuration list for PBXNativeTarget "StandardAlgorithmsTests" */;
			buildPhases = (
				F41DEB722CDA253A00DBF449 /* Sources */,
				F41DEB732CDA253A00DBF449 /* Frameworks */,
				F41DEB742CDA253A00DBF449 /* Resources */,
			);
			buildRules = (
			);
			dependencies = (
				F41DEB782CDA253A00DBF449 /* PBXTargetDependency */,
			);
			name = StandardAlgorithmsTests;
			productName = StandardAlgorithmsTests;
			productReference = F41DEB762CDA253A00DBF449 /* StandardAlgorithmsTests.xctest */;
			productType = "com.apple.product-type.bundle.unit-test";
		};
		F41DEB7F2CDA253A00DBF449 /* StandardAlgorithmsUITests */ = {
			isa = PBXNativeTarget;
			buildConfigurationList = F41DEB902CDA253A00DBF449 /* Build configuration list for PBXNativeTarget "StandardAlgorithmsUITests" */;
			buildPhases = (
				F41DEB7C2CDA253A00DBF449 /* Sources */,
				F41DEB7D2CDA253A00DBF449 /* Frameworks */,
				F41DEB7E2CDA253A00DBF449 /* Resources */,
			);
			buildRules = (
			);
			dependencies = (
				F41DEB822CDA253A00DBF449 /* PBXTargetDependency */,
			);
			name = StandardAlgorithmsUITests;
			productName = StandardAlgorithmsUITests;
			productReference = F41DEB802CDA253A00DBF449 /* StandardAlgorithmsUITests.xctest */;
			productType = "com.apple.product-type.bundle.ui-testing";
		};
/* End PBXNativeTarget section */

/* Begin PBXProject section */
		F41DEB5E2CDA253400DBF449 /* Project object */ = {
			isa = PBXProject;
			attributes = {
				BuildIndependentTargetsInParallel = 1;
				LastSwiftUpdateCheck = 1540;
				LastUpgradeCheck = 1540;
				TargetAttributes = {
					F41DEB652CDA253400DBF449 = {
						CreatedOnToolsVersion = 15.4;
					};
					F41DEB752CDA253A00DBF449 = {
						CreatedOnToolsVersion = 15.4;
						LastSwiftMigration = 1540;
						TestTargetID = F41DEB652CDA253400DBF449;
					};
					F41DEB7F2CDA253A00DBF449 = {
						CreatedOnToolsVersion = 15.4;
						TestTargetID = F41DEB652CDA253400DBF449;
					};
				};
			};
			buildConfigurationList = F41DEB612CDA253400DBF449 /* Build configuration list for PBXProject "StandardAlgorithms" */;
			compatibilityVersion = "Xcode 14.0";
			developmentRegion = en;
			hasScannedForEncodings = 0;
			knownRegions = (
				en,
				Base,
			);
			mainGroup = F41DEB5D2CDA253400DBF449;
			productRefGroup = F41DEB672CDA253400DBF449 /* Products */;
			projectDirPath = "";
			projectRoot = "";
			targets = (
				F41DEB652CDA253400DBF449 /* StandardAlgorithms */,
				F41DEB752CDA253A00DBF449 /* StandardAlgorithmsTests */,
				F41DEB7F2CDA253A00DBF449 /* StandardAlgorithmsUITests */,
			);
		};
/* End PBXProject section */

/* Begin PBXResourcesBuildPhase section */
		F41DEB642CDA253400DBF449 /* Resources */ = {
			isa = PBXResourcesBuildPhase;
			buildActionMask = 2147483647;
			files = (
				F41DEB712CDA253A00DBF449 /* Preview Assets.xcassets in Resources */,
				F41DEB6E2CDA253A00DBF449 /* Assets.xcassets in Resources */,
			);
			runOnlyForDeploymentPostprocessing = 0;
		};
		F41DEB742CDA253A00DBF449 /* Resources */ = {
			isa = PBXResourcesBuildPhase;
			buildActionMask = 2147483647;
			files = (
			);
			runOnlyForDeploymentPostprocessing = 0;
		};
		F41DEB7E2CDA253A00DBF449 /* Resources */ = {
			isa = PBXResourcesBuildPhase;
			buildActionMask = 2147483647;
			files = (
			);
			runOnlyForDeploymentPostprocessing = 0;
		};
/* End PBXResourcesBuildPhase section */

/* Begin PBXSourcesBuildPhase section */
		F41DEB622CDA253400DBF449 /* Sources */ = {
			isa = PBXSourcesBuildPhase;
			buildActionMask = 2147483647;
			files = (
				F41DEB982CDA289200DBF449 /* Sorting.swift in Sources */,
				F41DEB6C2CDA253500DBF449 /* ContentView.swift in Sources */,
				F4C97C942CDCF1770011E7A2 /* Search.swift in Sources */,
				F419E8C22CEC9B7D00908506 /* UnknownAlgorithms.swift in Sources */,
				F41DEB6A2CDA253500DBF449 /* StandardAlgorithmsApp.swift in Sources */,
			);
			runOnlyForDeploymentPostprocessing = 0;
		};
		F41DEB722CDA253A00DBF449 /* Sources */ = {
			isa = PBXSourcesBuildPhase;
			buildActionMask = 2147483647;
			files = (
				F4C97C922CDCF0850011E7A2 /* SearchingTest.swift in Sources */,
				F41DEB942CDA275500DBF449 /* SortingTest.swift in Sources */,
				F419E8C02CEC9B3C00908506 /* Unknown Test.swift in Sources */,
			);
			runOnlyForDeploymentPostprocessing = 0;
		};
		F41DEB7C2CDA253A00DBF449 /* Sources */ = {
			isa = PBXSourcesBuildPhase;
			buildActionMask = 2147483647;
			files = (
				F41DEB852CDA253A00DBF449 /* StandardAlgorithmsUITests.swift in Sources */,
				F41DEB872CDA253A00DBF449 /* StandardAlgorithmsUITestsLaunchTests.swift in Sources */,
			);
			runOnlyForDeploymentPostprocessing = 0;
		};
/* End PBXSourcesBuildPhase section */

/* Begin PBXTargetDependency section */
		F41DEB782CDA253A00DBF449 /* PBXTargetDependency */ = {
			isa = PBXTargetDependency;
			target = F41DEB652CDA253400DBF449 /* StandardAlgorithms */;
			targetProxy = F41DEB772CDA253A00DBF449 /* PBXContainerItemProxy */;
		};
		F41DEB822CDA253A00DBF449 /* PBXTargetDependency */ = {
			isa = PBXTargetDependency;
			target = F41DEB652CDA253400DBF449 /* StandardAlgorithms */;
			targetProxy = F41DEB812CDA253A00DBF449 /* PBXContainerItemProxy */;
		};
/* End PBXTargetDependency section */

/* Begin XCBuildConfiguration section */
		F41DEB882CDA253A00DBF449 /* Debug */ = {
			isa = XCBuildConfiguration;
			buildSettings = {
				ALWAYS_SEARCH_USER_PATHS = NO;
				ASSETCATALOG_COMPILER_GENERATE_SWIFT_ASSET_SYMBOL_EXTENSIONS = YES;
				CLANG_ANALYZER_NONNULL = YES;
				CLANG_ANALYZER_NUMBER_OBJECT_CONVERSION = YES_AGGRESSIVE;
				CLANG_CXX_LANGUAGE_STANDARD = "gnu++20";
				CLANG_ENABLE_MODULES = YES;
				CLANG_ENABLE_OBJC_ARC = YES;
				CLANG_ENABLE_OBJC_WEAK = YES;
				CLANG_WARN_BLOCK_CAPTURE_AUTORELEASING = YES;
				CLANG_WARN_BOOL_CONVERSION = YES;
				CLANG_WARN_COMMA = YES;
				CLANG_WARN_CONSTANT_CONVERSION = YES;
				CLANG_WARN_DEPRECATED_OBJC_IMPLEMENTATIONS = YES;
				CLANG_WARN_DIRECT_OBJC_ISA_USAGE = YES_ERROR;
				CLANG_WARN_DOCUMENTATION_COMMENTS = YES;
				CLANG_WARN_EMPTY_BODY = YES;
				CLANG_WARN_ENUM_CONVERSION = YES;
				CLANG_WARN_INFINITE_RECURSION = YES;
				CLANG_WARN_INT_CONVERSION = YES;
				CLANG_WARN_NON_LITERAL_NULL_CONVERSION = YES;
				CLANG_WARN_OBJC_IMPLICIT_RETAIN_SELF = YES;
				CLANG_WARN_OBJC_LITERAL_CONVERSION = YES;
				CLANG_WARN_OBJC_ROOT_CLASS = YES_ERROR;
				CLANG_WARN_QUOTED_INCLUDE_IN_FRAMEWORK_HEADER = YES;
				CLANG_WARN_RANGE_LOOP_ANALYSIS = YES;
				CLANG_WARN_STRICT_PROTOTYPES = YES;
				CLANG_WARN_SUSPICIOUS_MOVE = YES;
				CLANG_WARN_UNGUARDED_AVAILABILITY = YES_AGGRESSIVE;
				CLANG_WARN_UNREACHABLE_CODE = YES;
				CLANG_WARN__DUPLICATE_METHOD_MATCH = YES;
				COPY_PHASE_STRIP = NO;
				DEBUG_INFORMATION_FORMAT = dwarf;
				ENABLE_STRICT_OBJC_MSGSEND = YES;
				ENABLE_TESTABILITY = YES;
				ENABLE_USER_SCRIPT_SANDBOXING = YES;
				GCC_C_LANGUAGE_STANDARD = gnu17;
				GCC_DYNAMIC_NO_PIC = NO;
				GCC_NO_COMMON_BLOCKS = YES;
				GCC_OPTIMIZATION_LEVEL = 0;
				GCC_PREPROCESSOR_DEFINITIONS = (
					"DEBUG=1",
					"$(inherited)",
				);
				GCC_WARN_64_TO_32_BIT_CONVERSION = YES;
				GCC_WARN_ABOUT_RETURN_TYPE = YES_ERROR;
				GCC_WARN_UNDECLARED_SELECTOR = YES;
				GCC_WARN_UNINITIALIZED_AUTOS = YES_AGGRESSIVE;
				GCC_WARN_UNUSED_FUNCTION = YES;
				GCC_WARN_UNUSED_VARIABLE = YES;
				IPHONEOS_DEPLOYMENT_TARGET = 17.5;
				LOCALIZATION_PREFERS_STRING_CATALOGS = YES;
				MTL_ENABLE_DEBUG_INFO = INCLUDE_SOURCE;
				MTL_FAST_MATH = YES;
				ONLY_ACTIVE_ARCH = YES;
				SDKROOT = iphoneos;
				SWIFT_ACTIVE_COMPILATION_CONDITIONS = "DEBUG $(inherited)";
				SWIFT_OPTIMIZATION_LEVEL = "-Onone";
			};
			name = Debug;
		};
		F41DEB892CDA253A00DBF449 /* Release */ = {
			isa = XCBuildConfiguration;
			buildSettings = {
				ALWAYS_SEARCH_USER_PATHS = NO;
				ASSETCATALOG_COMPILER_GENERATE_SWIFT_ASSET_SYMBOL_EXTENSIONS = YES;
				CLANG_ANALYZER_NONNULL = YES;
				CLANG_ANALYZER_NUMBER_OBJECT_CONVERSION = YES_AGGRESSIVE;
				CLANG_CXX_LANGUAGE_STANDARD = "gnu++20";
				CLANG_ENABLE_MODULES = YES;
				CLANG_ENABLE_OBJC_ARC = YES;
				CLANG_ENABLE_OBJC_WEAK = YES;
				CLANG_WARN_BLOCK_CAPTURE_AUTORELEASING = YES;
				CLANG_WARN_BOOL_CONVERSION = YES;
				CLANG_WARN_COMMA = YES;
				CLANG_WARN_CONSTANT_CONVERSION = YES;
				CLANG_WARN_DEPRECATED_OBJC_IMPLEMENTATIONS = YES;
				CLANG_WARN_DIRECT_OBJC_ISA_USAGE = YES_ERROR;
				CLANG_WARN_DOCUMENTATION_COMMENTS = YES;
				CLANG_WARN_EMPTY_BODY = YES;
				CLANG_WARN_ENUM_CONVERSION = YES;
				CLANG_WARN_INFINITE_RECURSION = YES;
				CLANG_WARN_INT_CONVERSION = YES;
				CLANG_WARN_NON_LITERAL_NULL_CONVERSION = YES;
				CLANG_WARN_OBJC_IMPLICIT_RETAIN_SELF = YES;
				CLANG_WARN_OBJC_LITERAL_CONVERSION = YES;
				CLANG_WARN_OBJC_ROOT_CLASS = YES_ERROR;
				CLANG_WARN_QUOTED_INCLUDE_IN_FRAMEWORK_HEADER = YES;
				CLANG_WARN_RANGE_LOOP_ANALYSIS = YES;
				CLANG_WARN_STRICT_PROTOTYPES = YES;
				CLANG_WARN_SUSPICIOUS_MOVE = YES;
				CLANG_WARN_UNGUARDED_AVAILABILITY = YES_AGGRESSIVE;
				CLANG_WARN_UNREACHABLE_CODE = YES;
				CLANG_WARN__DUPLICATE_METHOD_MATCH = YES;
				COPY_PHASE_STRIP = NO;
				DEBUG_INFORMATION_FORMAT = "dwarf-with-dsym";
				ENABLE_NS_ASSERTIONS = NO;
				ENABLE_STRICT_OBJC_MSGSEND = YES;
				ENABLE_USER_SCRIPT_SANDBOXING = YES;
				GCC_C_LANGUAGE_STANDARD = gnu17;
				GCC_NO_COMMON_BLOCKS = YES;
				GCC_WARN_64_TO_32_BIT_CONVERSION = YES;
				GCC_WARN_ABOUT_RETURN_TYPE = YES_ERROR;
				GCC_WARN_UNDECLARED_SELECTOR = YES;
				GCC_WARN_UNINITIALIZED_AUTOS = YES_AGGRESSIVE;
				GCC_WARN_UNUSED_FUNCTION = YES;
				GCC_WARN_UNUSED_VARIABLE = YES;
				IPHONEOS_DEPLOYMENT_TARGET = 17.5;
				LOCALIZATION_PREFERS_STRING_CATALOGS = YES;
				MTL_ENABLE_DEBUG_INFO = NO;
				MTL_FAST_MATH = YES;
				SDKROOT = iphoneos;
				SWIFT_COMPILATION_MODE = wholemodule;
				VALIDATE_PRODUCT = YES;
			};
			name = Release;
		};
		F41DEB8B2CDA253A00DBF449 /* Debug */ = {
			isa = XCBuildConfiguration;
			buildSettings = {
				ASSETCATALOG_COMPILER_APPICON_NAME = AppIcon;
				ASSETCATALOG_COMPILER_GLOBAL_ACCENT_COLOR_NAME = AccentColor;
				CODE_SIGN_STYLE = Automatic;
				CURRENT_PROJECT_VERSION = 1;
				DEVELOPMENT_ASSET_PATHS = "\"StandardAlgorithms/Preview Content\"";
				ENABLE_PREVIEWS = YES;
				GENERATE_INFOPLIST_FILE = YES;
				INFOPLIST_KEY_UIApplicationSceneManifest_Generation = YES;
				INFOPLIST_KEY_UIApplicationSupportsIndirectInputEvents = YES;
				INFOPLIST_KEY_UILaunchScreen_Generation = YES;
				INFOPLIST_KEY_UISupportedInterfaceOrientations_iPad = "UIInterfaceOrientationPortrait UIInterfaceOrientationPortraitUpsideDown UIInterfaceOrientationLandscapeLeft UIInterfaceOrientationLandscapeRight";
				INFOPLIST_KEY_UISupportedInterfaceOrientations_iPhone = "UIInterfaceOrientationPortrait UIInterfaceOrientationLandscapeLeft UIInterfaceOrientationLandscapeRight";
				LD_RUNPATH_SEARCH_PATHS = (
					"$(inherited)",
					"@executable_path/Frameworks",
				);
				MARKETING_VERSION = 1.0;
				PRODUCT_BUNDLE_IDENTIFIER = com.JackMa.StandardAlgorithms;
				PRODUCT_NAME = "$(TARGET_NAME)";
				SWIFT_EMIT_LOC_STRINGS = YES;
				SWIFT_VERSION = 5.0;
				TARGETED_DEVICE_FAMILY = "1,2";
			};
			name = Debug;
		};
		F41DEB8C2CDA253A00DBF449 /* Release */ = {
			isa = XCBuildConfiguration;
			buildSettings = {
				ASSETCATALOG_COMPILER_APPICON_NAME = AppIcon;
				ASSETCATALOG_COMPILER_GLOBAL_ACCENT_COLOR_NAME = AccentColor;
				CODE_SIGN_STYLE = Automatic;
				CURRENT_PROJECT_VERSION = 1;
				DEVELOPMENT_ASSET_PATHS = "\"StandardAlgorithms/Preview Content\"";
				ENABLE_PREVIEWS = YES;
				GENERATE_INFOPLIST_FILE = YES;
				INFOPLIST_KEY_UIApplicationSceneManifest_Generation = YES;
				INFOPLIST_KEY_UIApplicationSupportsIndirectInputEvents = YES;
				INFOPLIST_KEY_UILaunchScreen_Generation = YES;
				INFOPLIST_KEY_UISupportedInterfaceOrientations_iPad = "UIInterfaceOrientationPortrait UIInterfaceOrientationPortraitUpsideDown UIInterfaceOrientationLandscapeLeft UIInterfaceOrientationLandscapeRight";
				INFOPLIST_KEY_UISupportedInterfaceOrientations_iPhone = "UIInterfaceOrientationPortrait UIInterfaceOrientationLandscapeLeft UIInterfaceOrientationLandscapeRight";
				LD_RUNPATH_SEARCH_PATHS = (
					"$(inherited)",
					"@executable_path/Frameworks",
				);
				MARKETING_VERSION = 1.0;
				PRODUCT_BUNDLE_IDENTIFIER = com.JackMa.StandardAlgorithms;
				PRODUCT_NAME = "$(TARGET_NAME)";
				SWIFT_EMIT_LOC_STRINGS = YES;
				SWIFT_VERSION = 5.0;
				TARGETED_DEVICE_FAMILY = "1,2";
			};
			name = Release;
		};
		F41DEB8E2CDA253A00DBF449 /* Debug */ = {
			isa = XCBuildConfiguration;
			buildSettings = {
				ALWAYS_EMBED_SWIFT_STANDARD_LIBRARIES = YES;
				BUNDLE_LOADER = "$(TEST_HOST)";
				CLANG_ENABLE_MODULES = YES;
				CODE_SIGN_STYLE = Automatic;
				CURRENT_PROJECT_VERSION = 1;
				GENERATE_INFOPLIST_FILE = YES;
				IPHONEOS_DEPLOYMENT_TARGET = 17.5;
				MARKETING_VERSION = 1.0;
				PRODUCT_BUNDLE_IDENTIFIER = com.JackMa.StandardAlgorithmsTests;
				PRODUCT_NAME = "$(TARGET_NAME)";
				SWIFT_EMIT_LOC_STRINGS = NO;
				SWIFT_OPTIMIZATION_LEVEL = "-Onone";
				SWIFT_VERSION = 5.0;
				TARGETED_DEVICE_FAMILY = "1,2";
				TEST_HOST = "$(BUILT_PRODUCTS_DIR)/StandardAlgorithms.app/$(BUNDLE_EXECUTABLE_FOLDER_PATH)/StandardAlgorithms";
			};
			name = Debug;
		};
		F41DEB8F2CDA253A00DBF449 /* Release */ = {
			isa = XCBuildConfiguration;
			buildSettings = {
				ALWAYS_EMBED_SWIFT_STANDARD_LIBRARIES = YES;
				BUNDLE_LOADER = "$(TEST_HOST)";
				CLANG_ENABLE_MODULES = YES;
				CODE_SIGN_STYLE = Automatic;
				CURRENT_PROJECT_VERSION = 1;
				GENERATE_INFOPLIST_FILE = YES;
				IPHONEOS_DEPLOYMENT_TARGET = 17.5;
				MARKETING_VERSION = 1.0;
				PRODUCT_BUNDLE_IDENTIFIER = com.JackMa.StandardAlgorithmsTests;
				PRODUCT_NAME = "$(TARGET_NAME)";
				SWIFT_EMIT_LOC_STRINGS = NO;
				SWIFT_VERSION = 5.0;
				TARGETED_DEVICE_FAMILY = "1,2";
				TEST_HOST = "$(BUILT_PRODUCTS_DIR)/StandardAlgorithms.app/$(BUNDLE_EXECUTABLE_FOLDER_PATH)/StandardAlgorithms";
			};
			name = Release;
		};
		F41DEB912CDA253A00DBF449 /* Debug */ = {
			isa = XCBuildConfiguration;
			buildSettings = {
				ALWAYS_EMBED_SWIFT_STANDARD_LIBRARIES = YES;
				CODE_SIGN_STYLE = Automatic;
				CURRENT_PROJECT_VERSION = 1;
				GENERATE_INFOPLIST_FILE = YES;
				MARKETING_VERSION = 1.0;
				PRODUCT_BUNDLE_IDENTIFIER = com.JackMa.StandardAlgorithmsUITests;
				PRODUCT_NAME = "$(TARGET_NAME)";
				SWIFT_EMIT_LOC_STRINGS = NO;
				SWIFT_VERSION = 5.0;
				TARGETED_DEVICE_FAMILY = "1,2";
				TEST_TARGET_NAME = StandardAlgorithms;
			};
			name = Debug;
		};
		F41DEB922CDA253A00DBF449 /* Release */ = {
			isa = XCBuildConfiguration;
			buildSettings = {
				ALWAYS_EMBED_SWIFT_STANDARD_LIBRARIES = YES;
				CODE_SIGN_STYLE = Automatic;
				CURRENT_PROJECT_VERSION = 1;
				GENERATE_INFOPLIST_FILE = YES;
				MARKETING_VERSION = 1.0;
				PRODUCT_BUNDLE_IDENTIFIER = com.JackMa.StandardAlgorithmsUITests;
				PRODUCT_NAME = "$(TARGET_NAME)";
				SWIFT_EMIT_LOC_STRINGS = NO;
				SWIFT_VERSION = 5.0;
				TARGETED_DEVICE_FAMILY = "1,2";
				TEST_TARGET_NAME = StandardAlgorithms;
			};
			name = Release;
		};
/* End XCBuildConfiguration section */

/* Begin XCConfigurationList section */
		F41DEB612CDA253400DBF449 /* Build configuration list for PBXProject "StandardAlgorithms" */ = {
			isa = XCConfigurationList;
			buildConfigurations = (
				F41DEB882CDA253A00DBF449 /* Debug */,
				F41DEB892CDA253A00DBF449 /* Release */,
			);
			defaultConfigurationIsVisible = 0;
			defaultConfigurationName = Release;
		};
		F41DEB8A2CDA253A00DBF449 /* Build configuration list for PBXNativeTarget "StandardAlgorithms" */ = {
			isa = XCConfigurationList;
			buildConfigurations = (
				F41DEB8B2CDA253A00DBF449 /* Debug */,
				F41DEB8C2CDA253A00DBF449 /* Release */,
			);
			defaultConfigurationIsVisible = 0;
			defaultConfigurationName = Release;
		};
		F41DEB8D2CDA253A00DBF449 /* Build configuration list for PBXNativeTarget "StandardAlgorithmsTests" */ = {
			isa = XCConfigurationList;
			buildConfigurations = (
				F41DEB8E2CDA253A00DBF449 /* Debug */,
				F41DEB8F2CDA253A00DBF449 /* Release */,
			);
			defaultConfigurationIsVisible = 0;
			defaultConfigurationName = Release;
		};
		F41DEB902CDA253A00DBF449 /* Build configuration list for PBXNativeTarget "StandardAlgorithmsUITests" */ = {
			isa = XCConfigurationList;
			buildConfigurations = (
				F41DEB912CDA253A00DBF449 /* Debug */,
				F41DEB922CDA253A00DBF449 /* Release */,
			);
			defaultConfigurationIsVisible = 0;
			defaultConfigurationName = Release;
		};
/* End XCConfigurationList section */
	};
	rootObject = F41DEB5E2CDA253400DBF449 /* Project object */;
}
